
Microsoft Visual Studio Solution File, Format Version 12.00
# Visual Studio Version 17
VisualStudioVersion = 17.14.36518.9 d17.14
MinimumVisualStudioVersion = 10.0.40219.1
Project("{FAE04EC0-301F-11D3-BF4B-00C04F79EFBC}") = "RoomCoordinates", "RoomCoordinates\RoomCoordinates.csproj", "{F4F05795-DFD4-436B-8EED-733E086056F0}"
EndProject
Global
	GlobalSection(SolutionConfigurationPlatforms) = preSolution
		Debug|Any CPU = Debug|Any CPU
		Release|Any CPU = Release|Any CPU
	EndGlobalSection
	GlobalSection(ProjectConfigurationPlatforms) = postSolution
		{F4F05795-DFD4-436B-8EED-733E086056F0}.Debug|Any CPU.ActiveCfg = Debug|Any CPU
		{F4F05795-DFD4-436B-8EED-733E086056F0}.Debug|Any CPU.Build.0 = Debug|Any CPU
		{F4F05795-DFD4-436B-8EED-733E086056F0}.Release|Any CPU.ActiveCfg = Release|Any CPU
		{F4F05795-DFD4-436B-8EED-733E086056F0}.Release|Any CPU.Build.0 = Release|Any CPU
	EndGlobalSection
	GlobalSection(SolutionProperties) = preSolution
		HideSolutionNode = FALSE
	EndGlobalSection
	GlobalSection(ExtensibilityGlobals) = postSolution
		SolutionGuid = {E5FC81F0-FF63-4F20-9569-925FBC4D079E}
	EndGlobalSection
EndGlobal
