
Microsoft Visual Studio Solution File, Format Version 12.00
# Visual Studio Version 17
VisualStudioVersion = 17.14.36408.4 d17.14
MinimumVisualStudioVersion = 10.0.40219.1
Project("{FAE04EC0-301F-11D3-BF4B-00C04F79EFBC}") = "simulasSoup", "simulasSoup\simulasSoup.csproj", "{2F5DBAEE-D6FC-49B5-A8E7-83327A44302B}"
EndProject
Global
	GlobalSection(SolutionConfigurationPlatforms) = preSolution
		Debug|Any CPU = Debug|Any CPU
		Release|Any CPU = Release|Any CPU
	EndGlobalSection
	GlobalSection(ProjectConfigurationPlatforms) = postSolution
		{2F5DBAEE-D6FC-49B5-A8E7-83327A44302B}.Debug|Any CPU.ActiveCfg = Debug|Any CPU
		{2F5DBAEE-D6FC-49B5-A8E7-83327A44302B}.Debug|Any CPU.Build.0 = Debug|Any CPU
		{2F5DBAEE-D6FC-49B5-A8E7-83327A44302B}.Release|Any CPU.ActiveCfg = Release|Any CPU
		{2F5DBAEE-D6FC-49B5-A8E7-83327A44302B}.Release|Any CPU.Build.0 = Release|Any CPU
	EndGlobalSection
	GlobalSection(SolutionProperties) = preSolution
		HideSolutionNode = FALSE
	EndGlobalSection
	GlobalSection(ExtensibilityGlobals) = postSolution
		SolutionGuid = {5193C3C9-EE37-49DE-BA20-8FDBE198C2A0}
	EndGlobalSection
EndGlobal
