
Microsoft Visual Studio Solution File, Format Version 12.00
# Visual Studio Version 17
VisualStudioVersion = 17.14.36408.4
MinimumVisualStudioVersion = 10.0.40219.1
Project("{FAE04EC0-301F-11D3-BF4B-00C04F79EFBC}") = "HelloWorld", "HelloWorld.csproj", "{B4924726-3BEF-430E-843E-BCB66BF8580A}"
EndProject
Project("{FAE04EC0-301F-11D3-BF4B-00C04F79EFBC}") = "level6Exercises", "..\level6Exercises\level6Exercises.csproj", "{116175C2-2C53-4B42-97C4-B2AEDEA735B8}"
EndProject
Project("{FAE04EC0-301F-11D3-BF4B-00C04F79EFBC}") = "level7Challenges", "..\level7Challenges\level7Challenges.csproj", "{B63CEA1F-CB78-42D1-A5E5-DBEFFB56E9CA}"
EndProject
Global
	GlobalSection(SolutionConfigurationPlatforms) = preSolution
		Debug|Any CPU = Debug|Any CPU
		Release|Any CPU = Release|Any CPU
	EndGlobalSection
	GlobalSection(ProjectConfigurationPlatforms) = postSolution
		{B4924726-3BEF-430E-843E-BCB66BF8580A}.Debug|Any CPU.ActiveCfg = Debug|Any CPU
		{B4924726-3BEF-430E-843E-BCB66BF8580A}.Debug|Any CPU.Build.0 = Debug|Any CPU
		{B4924726-3BEF-430E-843E-BCB66BF8580A}.Release|Any CPU.ActiveCfg = Release|Any CPU
		{B4924726-3BEF-430E-843E-BCB66BF8580A}.Release|Any CPU.Build.0 = Release|Any CPU
		{116175C2-2C53-4B42-97C4-B2AEDEA735B8}.Debug|Any CPU.ActiveCfg = Debug|Any CPU
		{116175C2-2C53-4B42-97C4-B2AEDEA735B8}.Debug|Any CPU.Build.0 = Debug|Any CPU
		{116175C2-2C53-4B42-97C4-B2AEDEA735B8}.Release|Any CPU.ActiveCfg = Release|Any CPU
		{116175C2-2C53-4B42-97C4-B2AEDEA735B8}.Release|Any CPU.Build.0 = Release|Any CPU
		{B63CEA1F-CB78-42D1-A5E5-DBEFFB56E9CA}.Debug|Any CPU.ActiveCfg = Debug|Any CPU
		{B63CEA1F-CB78-42D1-A5E5-DBEFFB56E9CA}.Debug|Any CPU.Build.0 = Debug|Any CPU
		{B63CEA1F-CB78-42D1-A5E5-DBEFFB56E9CA}.Release|Any CPU.ActiveCfg = Release|Any CPU
		{B63CEA1F-CB78-42D1-A5E5-DBEFFB56E9CA}.Release|Any CPU.Build.0 = Release|Any CPU
	EndGlobalSection
	GlobalSection(SolutionProperties) = preSolution
		HideSolutionNode = FALSE
	EndGlobalSection
	GlobalSection(ExtensibilityGlobals) = postSolution
		SolutionGuid = {0A3DA0AD-21B4-417B-BDA5-C8843D9870C6}
	EndGlobalSection
EndGlobal
